
Microsoft Visual Studio Solution File, Format Version 12.00
# Visual Studio Version 17
VisualStudioVersion = 17.0.32112.339
MinimumVisualStudioVersion = 10.0.40219.1
Project("{FAE04EC0-301F-11D3-BF4B-00C04F79EFBC}") = "MiniCommerce", "MiniCommerce\MiniCommerce.csproj", "{C26B27F9-EBDA-4656-B967-475A0F59984D}"
EndProject
Global
	GlobalSection(SolutionConfigurationPlatforms) = preSolution
		Debug|Any CPU = Debug|Any CPU
		Release|Any CPU = Release|Any CPU
	EndGlobalSection
	GlobalSection(ProjectConfigurationPlatforms) = postSolution
		{C26B27F9-EBDA-4656-B967-475A0F59984D}.Debug|Any CPU.ActiveCfg = Debug|Any CPU
		{C26B27F9-EBDA-4656-B967-475A0F59984D}.Debug|Any CPU.Build.0 = Debug|Any CPU
		{C26B27F9-EBDA-4656-B967-475A0F59984D}.Release|Any CPU.ActiveCfg = Release|Any CPU
		{C26B27F9-EBDA-4656-B967-475A0F59984D}.Release|Any CPU.Build.0 = Release|Any CPU
	EndGlobalSection
	GlobalSection(SolutionProperties) = preSolution
		HideSolutionNode = FALSE
	EndGlobalSection
	GlobalSection(ExtensibilityGlobals) = postSolution
		SolutionGuid = {F587BD7F-A04D-453C-A6B8-EC7E900E9602}
	EndGlobalSection
EndGlobal
